// !$*UTF8*$!
{
	archiveVersion = 1;
	classes = {
	};
	objectVersion = 46;
	objects = {

/* Begin PBXBuildFile section */
		F00E2CD217A978F0008CA81E /* AFHTTPClient.m in Sources */ = {isa = PBXBuildFile; fileRef = F00E2CC017A978F0008CA81E /* AFHTTPClient.m */; };
		F00E2CD317A978F0008CA81E /* AFHTTPRequestOperation.m in Sources */ = {isa = PBXBuildFile; fileRef = F00E2CC217A978F0008CA81E /* AFHTTPRequestOperation.m */; };
		F00E2CD417A978F0008CA81E /* AFImageRequestOperation.m in Sources */ = {isa = PBXBuildFile; fileRef = F00E2CC417A978F0008CA81E /* AFImageRequestOperation.m */; };
		F00E2CD517A978F0008CA81E /* AFJSONRequestOperation.m in Sources */ = {isa = PBXBuildFile; fileRef = F00E2CC617A978F0008CA81E /* AFJSONRequestOperation.m */; };
		F00E2CD617A978F0008CA81E /* AFNetworkActivityIndicatorManager.m in Sources */ = {isa = PBXBuildFile; fileRef = F00E2CC817A978F0008CA81E /* AFNetworkActivityIndicatorManager.m */; };
		F00E2CD717A978F0008CA81E /* AFPropertyListRequestOperation.m in Sources */ = {isa = PBXBuildFile; fileRef = F00E2CCB17A978F0008CA81E /* AFPropertyListRequestOperation.m */; };
		F00E2CD817A978F0008CA81E /* AFURLConnectionOperation.m in Sources */ = {isa = PBXBuildFile; fileRef = F00E2CCD17A978F0008CA81E /* AFURLConnectionOperation.m */; };
		F00E2CD917A978F0008CA81E /* AFXMLRequestOperation.m in Sources */ = {isa = PBXBuildFile; fileRef = F00E2CCF17A978F0008CA81E /* AFXMLRequestOperation.m */; };
		F00E2CDA17A978F0008CA81E /* UIImageView+AFNetworking.m in Sources */ = {isa = PBXBuildFile; fileRef = F00E2CD117A978F0008CA81E /* UIImageView+AFNetworking.m */; };
		F00E2CDC17A97999008CA81E /* Security.framework in Frameworks */ = {isa = PBXBuildFile; fileRef = F00E2CDB17A97999008CA81E /* Security.framework */; };
		F048EEE817590171005A1E0E /* InfoPlist.strings in Resources */ = {isa = PBXBuildFile; fileRef = F048EEE017590171005A1E0E /* InfoPlist.strings */; };
		F048EEE917590171005A1E0E /* main.m in Sources */ = {isa = PBXBuildFile; fileRef = F048EEE217590171005A1E0E /* main.m */; };
		F048EF0B1759051D005A1E0E /* MobileCoreServices.framework in Frameworks */ = {isa = PBXBuildFile; fileRef = F048EF0A1759051D005A1E0E /* MobileCoreServices.framework */; };
		F048EF0D17590536005A1E0E /* SystemConfiguration.framework in Frameworks */ = {isa = PBXBuildFile; fileRef = F048EF0C17590536005A1E0E /* SystemConfiguration.framework */; };
		F048EF0F17590551005A1E0E /* CoreLocation.framework in Frameworks */ = {isa = PBXBuildFile; fileRef = F048EF0E17590551005A1E0E /* CoreLocation.framework */; };
		F0C8CA8B1759076700A09038 /* Default-568h@2x.png in Resources */ = {isa = PBXBuildFile; fileRef = F0C8CA881759076700A09038 /* Default-568h@2x.png */; };
		F0C8CA8C1759076700A09038 /* Default.png in Resources */ = {isa = PBXBuildFile; fileRef = F0C8CA891759076700A09038 /* Default.png */; };
		F0C8CA8D1759076700A09038 /* Default@2x.png in Resources */ = {isa = PBXBuildFile; fileRef = F0C8CA8A1759076700A09038 /* Default@2x.png */; };
		F0C8CA90175919F100A09038 /* ZFInterface.m in Sources */ = {isa = PBXBuildFile; fileRef = F0C8CA8F175919F100A09038 /* ZFInterface.m */; };
		F0C8CA9317591EFE00A09038 /* ZFClientAPI.m in Sources */ = {isa = PBXBuildFile; fileRef = F0C8CA9217591DF000A09038 /* ZFClientAPI.m */; };
		F0C8CA96175920E500A09038 /* ZFRootViewController.m in Sources */ = {isa = PBXBuildFile; fileRef = F0C8CA95175920E500A09038 /* ZFRootViewController.m */; };
		F0DE348D17A973D500124438 /* CFNetwork.framework in Frameworks */ = {isa = PBXBuildFile; fileRef = F0DE348C17A973D500124438 /* CFNetwork.framework */; };
		F0F65F4117A98C33008F87E3 /* XCTest.framework in Frameworks */ = {isa = PBXBuildFile; fileRef = F0F65F4017A98C33008F87E3 /* XCTest.framework */; };
		F0F65F4217A98C34008F87E3 /* Foundation.framework in Frameworks */ = {isa = PBXBuildFile; fileRef = F0FC22681758F967005F804C /* Foundation.framework */; };
		F0F65F4317A98C34008F87E3 /* UIKit.framework in Frameworks */ = {isa = PBXBuildFile; fileRef = F0FC22661758F967005F804C /* UIKit.framework */; };
		F0F65F4917A98C34008F87E3 /* InfoPlist.strings in Resources */ = {isa = PBXBuildFile; fileRef = F0F65F4717A98C34008F87E3 /* InfoPlist.strings */; };
		F0F65F4B17A98C34008F87E3 /* ZFOpenWeatherMapTests.m in Sources */ = {isa = PBXBuildFile; fileRef = F0F65F4A17A98C34008F87E3 /* ZFOpenWeatherMapTests.m */; };
		F0FC22671758F967005F804C /* UIKit.framework in Frameworks */ = {isa = PBXBuildFile; fileRef = F0FC22661758F967005F804C /* UIKit.framework */; };
		F0FC22691758F967005F804C /* Foundation.framework in Frameworks */ = {isa = PBXBuildFile; fileRef = F0FC22681758F967005F804C /* Foundation.framework */; };
		F0FC226B1758F967005F804C /* CoreGraphics.framework in Frameworks */ = {isa = PBXBuildFile; fileRef = F0FC226A1758F967005F804C /* CoreGraphics.framework */; };
		F0FC22901758FCD6005F804C /* ZFAppDelegate.m in Sources */ = {isa = PBXBuildFile; fileRef = F0FC22861758FCB8005F804C /* ZFAppDelegate.m */; };
/* End PBXBuildFile section */

/* Begin PBXContainerItemProxy section */
		F0F65F4D17A98C34008F87E3 /* PBXContainerItemProxy */ = {
			isa = PBXContainerItemProxy;
			containerPortal = F0FC225B1758F967005F804C /* Project object */;
			proxyType = 1;
			remoteGlobalIDString = F0FC22621758F967005F804C;
			remoteInfo = ZFOpenWeatherMap;
		};
/* End PBXContainerItemProxy section */

/* Begin PBXFileReference section */
		F00E2CBF17A978F0008CA81E /* AFHTTPClient.h */ = {isa = PBXFileReference; fileEncoding = 4; lastKnownFileType = sourcecode.c.h; path = AFHTTPClient.h; sourceTree = "<group>"; };
		F00E2CC017A978F0008CA81E /* AFHTTPClient.m */ = {isa = PBXFileReference; fileEncoding = 4; lastKnownFileType = sourcecode.c.objc; path = AFHTTPClient.m; sourceTree = "<group>"; };
		F00E2CC117A978F0008CA81E /* AFHTTPRequestOperation.h */ = {isa = PBXFileReference; fileEncoding = 4; lastKnownFileType = sourcecode.c.h; path = AFHTTPRequestOperation.h; sourceTree = "<group>"; };
		F00E2CC217A978F0008CA81E /* AFHTTPRequestOperation.m */ = {isa = PBXFileReference; fileEncoding = 4; lastKnownFileType = sourcecode.c.objc; path = AFHTTPRequestOperation.m; sourceTree = "<group>"; };
		F00E2CC317A978F0008CA81E /* AFImageRequestOperation.h */ = {isa = PBXFileReference; fileEncoding = 4; lastKnownFileType = sourcecode.c.h; path = AFImageRequestOperation.h; sourceTree = "<group>"; };
		F00E2CC417A978F0008CA81E /* AFImageRequestOperation.m */ = {isa = PBXFileReference; fileEncoding = 4; lastKnownFileType = sourcecode.c.objc; path = AFImageRequestOperation.m; sourceTree = "<group>"; };
		F00E2CC517A978F0008CA81E /* AFJSONRequestOperation.h */ = {isa = PBXFileReference; fileEncoding = 4; lastKnownFileType = sourcecode.c.h; path = AFJSONRequestOperation.h; sourceTree = "<group>"; };
		F00E2CC617A978F0008CA81E /* AFJSONRequestOperation.m */ = {isa = PBXFileReference; fileEncoding = 4; lastKnownFileType = sourcecode.c.objc; path = AFJSONRequestOperation.m; sourceTree = "<group>"; };
		F00E2CC717A978F0008CA81E /* AFNetworkActivityIndicatorManager.h */ = {isa = PBXFileReference; fileEncoding = 4; lastKnownFileType = sourcecode.c.h; path = AFNetworkActivityIndicatorManager.h; sourceTree = "<group>"; };
		F00E2CC817A978F0008CA81E /* AFNetworkActivityIndicatorManager.m */ = {isa = PBXFileReference; fileEncoding = 4; lastKnownFileType = sourcecode.c.objc; path = AFNetworkActivityIndicatorManager.m; sourceTree = "<group>"; };
		F00E2CC917A978F0008CA81E /* AFNetworking.h */ = {isa = PBXFileReference; fileEncoding = 4; lastKnownFileType = sourcecode.c.h; path = AFNetworking.h; sourceTree = "<group>"; };
		F00E2CCA17A978F0008CA81E /* AFPropertyListRequestOperation.h */ = {isa = PBXFileReference; fileEncoding = 4; lastKnownFileType = sourcecode.c.h; path = AFPropertyListRequestOperation.h; sourceTree = "<group>"; };
		F00E2CCB17A978F0008CA81E /* AFPropertyListRequestOperation.m */ = {isa = PBXFileReference; fileEncoding = 4; lastKnownFileType = sourcecode.c.objc; path = AFPropertyListRequestOperation.m; sourceTree = "<group>"; };
		F00E2CCC17A978F0008CA81E /* AFURLConnectionOperation.h */ = {isa = PBXFileReference; fileEncoding = 4; lastKnownFileType = sourcecode.c.h; path = AFURLConnectionOperation.h; sourceTree = "<group>"; };
		F00E2CCD17A978F0008CA81E /* AFURLConnectionOperation.m */ = {isa = PBXFileReference; fileEncoding = 4; lastKnownFileType = sourcecode.c.objc; path = AFURLConnectionOperation.m; sourceTree = "<group>"; };
		F00E2CCE17A978F0008CA81E /* AFXMLRequestOperation.h */ = {isa = PBXFileReference; fileEncoding = 4; lastKnownFileType = sourcecode.c.h; path = AFXMLRequestOperation.h; sourceTree = "<group>"; };
		F00E2CCF17A978F0008CA81E /* AFXMLRequestOperation.m */ = {isa = PBXFileReference; fileEncoding = 4; lastKnownFileType = sourcecode.c.objc; path = AFXMLRequestOperation.m; sourceTree = "<group>"; };
		F00E2CD017A978F0008CA81E /* UIImageView+AFNetworking.h */ = {isa = PBXFileReference; fileEncoding = 4; lastKnownFileType = sourcecode.c.h; path = "UIImageView+AFNetworking.h"; sourceTree = "<group>"; };
		F00E2CD117A978F0008CA81E /* UIImageView+AFNetworking.m */ = {isa = PBXFileReference; fileEncoding = 4; lastKnownFileType = sourcecode.c.objc; path = "UIImageView+AFNetworking.m"; sourceTree = "<group>"; };
		F00E2CDB17A97999008CA81E /* Security.framework */ = {isa = PBXFileReference; lastKnownFileType = wrapper.framework; name = Security.framework; path = System/Library/Frameworks/Security.framework; sourceTree = SDKROOT; };
		F048EEE117590171005A1E0E /* en */ = {isa = PBXFileReference; lastKnownFileType = text.plist.strings; name = en; path = en.lproj/InfoPlist.strings; sourceTree = "<group>"; };
		F048EEE217590171005A1E0E /* main.m */ = {isa = PBXFileReference; fileEncoding = 4; lastKnownFileType = sourcecode.c.objc; path = main.m; sourceTree = "<group>"; };
		F048EEE317590171005A1E0E /* ZFOpenWeatherMap-Info.plist */ = {isa = PBXFileReference; fileEncoding = 4; lastKnownFileType = text.plist.xml; path = "ZFOpenWeatherMap-Info.plist"; sourceTree = "<group>"; };
		F048EEE417590171005A1E0E /* ZFOpenWeatherMap-Prefix.pch */ = {isa = PBXFileReference; fileEncoding = 4; lastKnownFileType = sourcecode.c.h; path = "ZFOpenWeatherMap-Prefix.pch"; sourceTree = "<group>"; };
		F048EF0A1759051D005A1E0E /* MobileCoreServices.framework */ = {isa = PBXFileReference; lastKnownFileType = wrapper.framework; name = MobileCoreServices.framework; path = System/Library/Frameworks/MobileCoreServices.framework; sourceTree = SDKROOT; };
		F048EF0C17590536005A1E0E /* SystemConfiguration.framework */ = {isa = PBXFileReference; lastKnownFileType = wrapper.framework; name = SystemConfiguration.framework; path = System/Library/Frameworks/SystemConfiguration.framework; sourceTree = SDKROOT; };
		F048EF0E17590551005A1E0E /* CoreLocation.framework */ = {isa = PBXFileReference; lastKnownFileType = wrapper.framework; name = CoreLocation.framework; path = System/Library/Frameworks/CoreLocation.framework; sourceTree = SDKROOT; };
		F0C8CA881759076700A09038 /* Default-568h@2x.png */ = {isa = PBXFileReference; lastKnownFileType = image.png; path = "Default-568h@2x.png"; sourceTree = "<group>"; };
		F0C8CA891759076700A09038 /* Default.png */ = {isa = PBXFileReference; lastKnownFileType = image.png; path = Default.png; sourceTree = "<group>"; };
		F0C8CA8A1759076700A09038 /* Default@2x.png */ = {isa = PBXFileReference; lastKnownFileType = image.png; path = "Default@2x.png"; sourceTree = "<group>"; };
		F0C8CA8E175919F100A09038 /* ZFInterface.h */ = {isa = PBXFileReference; fileEncoding = 4; lastKnownFileType = sourcecode.c.h; path = ZFInterface.h; sourceTree = "<group>"; };
		F0C8CA8F175919F100A09038 /* ZFInterface.m */ = {isa = PBXFileReference; fileEncoding = 4; lastKnownFileType = sourcecode.c.objc; path = ZFInterface.m; sourceTree = "<group>"; };
		F0C8CA9117591DF000A09038 /* ZFClientAPI.h */ = {isa = PBXFileReference; lastKnownFileType = sourcecode.c.h; path = ZFClientAPI.h; sourceTree = "<group>"; };
		F0C8CA9217591DF000A09038 /* ZFClientAPI.m */ = {isa = PBXFileReference; lastKnownFileType = sourcecode.c.objc; path = ZFClientAPI.m; sourceTree = "<group>"; };
		F0C8CA94175920E500A09038 /* ZFRootViewController.h */ = {isa = PBXFileReference; fileEncoding = 4; lastKnownFileType = sourcecode.c.h; path = ZFRootViewController.h; sourceTree = "<group>"; };
		F0C8CA95175920E500A09038 /* ZFRootViewController.m */ = {isa = PBXFileReference; fileEncoding = 4; lastKnownFileType = sourcecode.c.objc; path = ZFRootViewController.m; sourceTree = "<group>"; };
		F0DE348C17A973D500124438 /* CFNetwork.framework */ = {isa = PBXFileReference; lastKnownFileType = wrapper.framework; name = CFNetwork.framework; path = System/Library/Frameworks/CFNetwork.framework; sourceTree = SDKROOT; };
		F0F65F3F17A98C33008F87E3 /* ZFOpenWeatherMapTests.xctest */ = {isa = PBXFileReference; explicitFileType = wrapper.cfbundle; includeInIndex = 0; path = ZFOpenWeatherMapTests.xctest; sourceTree = BUILT_PRODUCTS_DIR; };
		F0F65F4017A98C33008F87E3 /* XCTest.framework */ = {isa = PBXFileReference; lastKnownFileType = wrapper.framework; name = XCTest.framework; path = Library/Frameworks/XCTest.framework; sourceTree = DEVELOPER_DIR; };
		F0F65F4617A98C34008F87E3 /* ZFOpenWeatherMapTests-Info.plist */ = {isa = PBXFileReference; lastKnownFileType = text.plist.xml; path = "ZFOpenWeatherMapTests-Info.plist"; sourceTree = "<group>"; };
		F0F65F4817A98C34008F87E3 /* en */ = {isa = PBXFileReference; lastKnownFileType = text.plist.strings; name = en; path = en.lproj/InfoPlist.strings; sourceTree = "<group>"; };
		F0F65F4A17A98C34008F87E3 /* ZFOpenWeatherMapTests.m */ = {isa = PBXFileReference; lastKnownFileType = sourcecode.c.objc; path = ZFOpenWeatherMapTests.m; sourceTree = "<group>"; };
		F0F65F4C17A98C34008F87E3 /* ZFOpenWeatherMapTests-Prefix.pch */ = {isa = PBXFileReference; lastKnownFileType = sourcecode.c.h; path = "ZFOpenWeatherMapTests-Prefix.pch"; sourceTree = "<group>"; };
		F0FC22631758F967005F804C /* ZFOpenWeatherMap.app */ = {isa = PBXFileReference; explicitFileType = wrapper.application; includeInIndex = 0; path = ZFOpenWeatherMap.app; sourceTree = BUILT_PRODUCTS_DIR; };
		F0FC22661758F967005F804C /* UIKit.framework */ = {isa = PBXFileReference; lastKnownFileType = wrapper.framework; name = UIKit.framework; path = System/Library/Frameworks/UIKit.framework; sourceTree = SDKROOT; };
		F0FC22681758F967005F804C /* Foundation.framework */ = {isa = PBXFileReference; lastKnownFileType = wrapper.framework; name = Foundation.framework; path = System/Library/Frameworks/Foundation.framework; sourceTree = SDKROOT; };
		F0FC226A1758F967005F804C /* CoreGraphics.framework */ = {isa = PBXFileReference; lastKnownFileType = wrapper.framework; name = CoreGraphics.framework; path = System/Library/Frameworks/CoreGraphics.framework; sourceTree = SDKROOT; };
		F0FC22851758FCB7005F804C /* ZFAppDelegate.h */ = {isa = PBXFileReference; lastKnownFileType = sourcecode.c.h; path = ZFAppDelegate.h; sourceTree = "<group>"; };
		F0FC22861758FCB8005F804C /* ZFAppDelegate.m */ = {isa = PBXFileReference; lastKnownFileType = sourcecode.c.objc; path = ZFAppDelegate.m; sourceTree = "<group>"; };
/* End PBXFileReference section */

/* Begin PBXFrameworksBuildPhase section */
		F0F65F3C17A98C33008F87E3 /* Frameworks */ = {
			isa = PBXFrameworksBuildPhase;
			buildActionMask = 2147483647;
			files = (
				F0F65F4117A98C33008F87E3 /* XCTest.framework in Frameworks */,
				F0F65F4317A98C34008F87E3 /* UIKit.framework in Frameworks */,
				F0F65F4217A98C34008F87E3 /* Foundation.framework in Frameworks */,
			);
			runOnlyForDeploymentPostprocessing = 0;
		};
		F0FC22601758F967005F804C /* Frameworks */ = {
			isa = PBXFrameworksBuildPhase;
			buildActionMask = 2147483647;
			files = (
				F00E2CDC17A97999008CA81E /* Security.framework in Frameworks */,
				F0DE348D17A973D500124438 /* CFNetwork.framework in Frameworks */,
				F048EF0F17590551005A1E0E /* CoreLocation.framework in Frameworks */,
				F048EF0D17590536005A1E0E /* SystemConfiguration.framework in Frameworks */,
				F048EF0B1759051D005A1E0E /* MobileCoreServices.framework in Frameworks */,
				F0FC22671758F967005F804C /* UIKit.framework in Frameworks */,
				F0FC22691758F967005F804C /* Foundation.framework in Frameworks */,
				F0FC226B1758F967005F804C /* CoreGraphics.framework in Frameworks */,
			);
			runOnlyForDeploymentPostprocessing = 0;
		};
/* End PBXFrameworksBuildPhase section */

/* Begin PBXGroup section */
		F00E2CBE17A978F0008CA81E /* AFNetworking */ = {
			isa = PBXGroup;
			children = (
				F00E2CBF17A978F0008CA81E /* AFHTTPClient.h */,
				F00E2CC017A978F0008CA81E /* AFHTTPClient.m */,
				F00E2CC117A978F0008CA81E /* AFHTTPRequestOperation.h */,
				F00E2CC217A978F0008CA81E /* AFHTTPRequestOperation.m */,
				F00E2CC317A978F0008CA81E /* AFImageRequestOperation.h */,
				F00E2CC417A978F0008CA81E /* AFImageRequestOperation.m */,
				F00E2CC517A978F0008CA81E /* AFJSONRequestOperation.h */,
				F00E2CC617A978F0008CA81E /* AFJSONRequestOperation.m */,
				F00E2CC717A978F0008CA81E /* AFNetworkActivityIndicatorManager.h */,
				F00E2CC817A978F0008CA81E /* AFNetworkActivityIndicatorManager.m */,
				F00E2CC917A978F0008CA81E /* AFNetworking.h */,
				F00E2CCA17A978F0008CA81E /* AFPropertyListRequestOperation.h */,
				F00E2CCB17A978F0008CA81E /* AFPropertyListRequestOperation.m */,
				F00E2CCC17A978F0008CA81E /* AFURLConnectionOperation.h */,
				F00E2CCD17A978F0008CA81E /* AFURLConnectionOperation.m */,
				F00E2CCE17A978F0008CA81E /* AFXMLRequestOperation.h */,
				F00E2CCF17A978F0008CA81E /* AFXMLRequestOperation.m */,
				F00E2CD017A978F0008CA81E /* UIImageView+AFNetworking.h */,
				F00E2CD117A978F0008CA81E /* UIImageView+AFNetworking.m */,
			);
			name = AFNetworking;
			path = Libraries/AFNetworking/AFNetworking;
			sourceTree = SOURCE_ROOT;
		};
		F048EEDC17590171005A1E0E /* Resources */ = {
			isa = PBXGroup;
			children = (
				F048EEEC175904E8005A1E0E /* Vender */,
				F0C8CA871759072F00A09038 /* Graphics */,
				F048EEE017590171005A1E0E /* InfoPlist.strings */,
				F048EEE217590171005A1E0E /* main.m */,
				F048EEE317590171005A1E0E /* ZFOpenWeatherMap-Info.plist */,
				F048EEE417590171005A1E0E /* ZFOpenWeatherMap-Prefix.pch */,
			);
			path = Resources;
			sourceTree = "<group>";
		};
		F048EEEC175904E8005A1E0E /* Vender */ = {
			isa = PBXGroup;
			children = (
				F00E2CBE17A978F0008CA81E /* AFNetworking */,
			);
			path = Vender;
			sourceTree = "<group>";
		};
		F0C8CA871759072F00A09038 /* Graphics */ = {
			isa = PBXGroup;
			children = (
				F0C8CA881759076700A09038 /* Default-568h@2x.png */,
				F0C8CA891759076700A09038 /* Default.png */,
				F0C8CA8A1759076700A09038 /* Default@2x.png */,
			);
			path = Graphics;
			sourceTree = "<group>";
		};
		F0F65F4417A98C34008F87E3 /* ZFOpenWeatherMapTests */ = {
			isa = PBXGroup;
			children = (
				F0F65F4A17A98C34008F87E3 /* ZFOpenWeatherMapTests.m */,
				F0F65F4517A98C34008F87E3 /* Supporting Files */,
			);
			path = ZFOpenWeatherMapTests;
			sourceTree = "<group>";
		};
		F0F65F4517A98C34008F87E3 /* Supporting Files */ = {
			isa = PBXGroup;
			children = (
				F0F65F4617A98C34008F87E3 /* ZFOpenWeatherMapTests-Info.plist */,
				F0F65F4717A98C34008F87E3 /* InfoPlist.strings */,
				F0F65F4C17A98C34008F87E3 /* ZFOpenWeatherMapTests-Prefix.pch */,
			);
			name = "Supporting Files";
			sourceTree = "<group>";
		};
		F0FC225A1758F967005F804C = {
			isa = PBXGroup;
			children = (
				F0FC226C1758F967005F804C /* ZFOpenWeatherMap */,
				F0FC22831758FAC7005F804C /* ZFOpenWeatherMap-Example */,
				F048EEDC17590171005A1E0E /* Resources */,
				F0F65F4417A98C34008F87E3 /* ZFOpenWeatherMapTests */,
				F0FC22651758F967005F804C /* Frameworks */,
				F0FC22641758F967005F804C /* Products */,
			);
			sourceTree = "<group>";
		};
		F0FC22641758F967005F804C /* Products */ = {
			isa = PBXGroup;
			children = (
				F0FC22631758F967005F804C /* ZFOpenWeatherMap.app */,
				F0F65F3F17A98C33008F87E3 /* ZFOpenWeatherMapTests.xctest */,
			);
			name = Products;
			sourceTree = "<group>";
		};
		F0FC22651758F967005F804C /* Frameworks */ = {
			isa = PBXGroup;
			children = (
				F00E2CDB17A97999008CA81E /* Security.framework */,
				F0DE348C17A973D500124438 /* CFNetwork.framework */,
				F048EF0E17590551005A1E0E /* CoreLocation.framework */,
				F048EF0C17590536005A1E0E /* SystemConfiguration.framework */,
				F048EF0A1759051D005A1E0E /* MobileCoreServices.framework */,
				F0FC22661758F967005F804C /* UIKit.framework */,
				F0FC22681758F967005F804C /* Foundation.framework */,
				F0FC226A1758F967005F804C /* CoreGraphics.framework */,
				F0F65F4017A98C33008F87E3 /* XCTest.framework */,
			);
			name = Frameworks;
			sourceTree = "<group>";
		};
		F0FC226C1758F967005F804C /* ZFOpenWeatherMap */ = {
			isa = PBXGroup;
			children = (
				F0C8CA8E175919F100A09038 /* ZFInterface.h */,
				F0C8CA8F175919F100A09038 /* ZFInterface.m */,
				F0C8CA9117591DF000A09038 /* ZFClientAPI.h */,
				F0C8CA9217591DF000A09038 /* ZFClientAPI.m */,
			);
			path = ZFOpenWeatherMap;
			sourceTree = "<group>";
		};
		F0FC22831758FAC7005F804C /* ZFOpenWeatherMap-Example */ = {
			isa = PBXGroup;
			children = (
				F0FC22851758FCB7005F804C /* ZFAppDelegate.h */,
				F0FC22861758FCB8005F804C /* ZFAppDelegate.m */,
				F0C8CA94175920E500A09038 /* ZFRootViewController.h */,
				F0C8CA95175920E500A09038 /* ZFRootViewController.m */,
			);
			path = "ZFOpenWeatherMap-Example";
			sourceTree = "<group>";
		};
/* End PBXGroup section */

/* Begin PBXNativeTarget section */
		F0F65F3E17A98C33008F87E3 /* ZFOpenWeatherMapTests */ = {
			isa = PBXNativeTarget;
			buildConfigurationList = F0F65F5117A98C34008F87E3 /* Build configuration list for PBXNativeTarget "ZFOpenWeatherMapTests" */;
			buildPhases = (
				F0F65F3B17A98C33008F87E3 /* Sources */,
				F0F65F3C17A98C33008F87E3 /* Frameworks */,
				F0F65F3D17A98C33008F87E3 /* Resources */,
			);
			buildRules = (
			);
			dependencies = (
				F0F65F4E17A98C34008F87E3 /* PBXTargetDependency */,
			);
			name = ZFOpenWeatherMapTests;
			productName = ZFOpenWeatherMapTests;
			productReference = F0F65F3F17A98C33008F87E3 /* ZFOpenWeatherMapTests.xctest */;
			productType = "com.apple.product-type.bundle.unit-test";
		};
		F0FC22621758F967005F804C /* ZFOpenWeatherMap */ = {
			isa = PBXNativeTarget;
			buildConfigurationList = F0FC22801758F967005F804C /* Build configuration list for PBXNativeTarget "ZFOpenWeatherMap" */;
			buildPhases = (
				F0FC225F1758F967005F804C /* Sources */,
				F0FC22601758F967005F804C /* Frameworks */,
				F0FC22611758F967005F804C /* Resources */,
			);
			buildRules = (
			);
			dependencies = (
			);
			name = ZFOpenWeatherMap;
			productName = ZFOpenWeatherMap;
			productReference = F0FC22631758F967005F804C /* ZFOpenWeatherMap.app */;
			productType = "com.apple.product-type.application";
		};
/* End PBXNativeTarget section */

/* Begin PBXProject section */
		F0FC225B1758F967005F804C /* Project object */ = {
			isa = PBXProject;
			attributes = {
				CLASSPREFIX = ZF;
				LastUpgradeCheck = 0460;
				ORGANIZATIONNAME = ZFOpenWeatherMap;
				TargetAttributes = {
					F0F65F3E17A98C33008F87E3 = {
						TestTargetID = F0FC22621758F967005F804C;
					};
				};
			};
			buildConfigurationList = F0FC225E1758F967005F804C /* Build configuration list for PBXProject "ZFOpenWeatherMap" */;
			compatibilityVersion = "Xcode 3.2";
			developmentRegion = English;
			hasScannedForEncodings = 0;
			knownRegions = (
				en,
			);
			mainGroup = F0FC225A1758F967005F804C;
			productRefGroup = F0FC22641758F967005F804C /* Products */;
			projectDirPath = "";
			projectRoot = "";
			targets = (
				F0FC22621758F967005F804C /* ZFOpenWeatherMap */,
				F0F65F3E17A98C33008F87E3 /* ZFOpenWeatherMapTests */,
			);
		};
/* End PBXProject section */

/* Begin PBXResourcesBuildPhase section */
		F0F65F3D17A98C33008F87E3 /* Resources */ = {
			isa = PBXResourcesBuildPhase;
			buildActionMask = 2147483647;
			files = (
				F0F65F4917A98C34008F87E3 /* InfoPlist.strings in Resources */,
			);
			runOnlyForDeploymentPostprocessing = 0;
		};
		F0FC22611758F967005F804C /* Resources */ = {
			isa = PBXResourcesBuildPhase;
			buildActionMask = 2147483647;
			files = (
				F048EEE817590171005A1E0E /* InfoPlist.strings in Resources */,
				F0C8CA8B1759076700A09038 /* Default-568h@2x.png in Resources */,
				F0C8CA8C1759076700A09038 /* Default.png in Resources */,
				F0C8CA8D1759076700A09038 /* Default@2x.png in Resources */,
			);
			runOnlyForDeploymentPostprocessing = 0;
		};
/* End PBXResourcesBuildPhase section */

/* Begin PBXSourcesBuildPhase section */
		F0F65F3B17A98C33008F87E3 /* Sources */ = {
			isa = PBXSourcesBuildPhase;
			buildActionMask = 2147483647;
			files = (
				F0F65F4B17A98C34008F87E3 /* ZFOpenWeatherMapTests.m in Sources */,
			);
			runOnlyForDeploymentPostprocessing = 0;
		};
		F0FC225F1758F967005F804C /* Sources */ = {
			isa = PBXSourcesBuildPhase;
			buildActionMask = 2147483647;
			files = (
				F0C8CA9317591EFE00A09038 /* ZFClientAPI.m in Sources */,
				F0FC22901758FCD6005F804C /* ZFAppDelegate.m in Sources */,
				F048EEE917590171005A1E0E /* main.m in Sources */,
				F0C8CA90175919F100A09038 /* ZFInterface.m in Sources */,
				F0C8CA96175920E500A09038 /* ZFRootViewController.m in Sources */,
				F00E2CD217A978F0008CA81E /* AFHTTPClient.m in Sources */,
				F00E2CD317A978F0008CA81E /* AFHTTPRequestOperation.m in Sources */,
				F00E2CD417A978F0008CA81E /* AFImageRequestOperation.m in Sources */,
				F00E2CD517A978F0008CA81E /* AFJSONRequestOperation.m in Sources */,
				F00E2CD617A978F0008CA81E /* AFNetworkActivityIndicatorManager.m in Sources */,
				F00E2CD717A978F0008CA81E /* AFPropertyListRequestOperation.m in Sources */,
				F00E2CD817A978F0008CA81E /* AFURLConnectionOperation.m in Sources */,
				F00E2CD917A978F0008CA81E /* AFXMLRequestOperation.m in Sources */,
				F00E2CDA17A978F0008CA81E /* UIImageView+AFNetworking.m in Sources */,
			);
			runOnlyForDeploymentPostprocessing = 0;
		};
/* End PBXSourcesBuildPhase section */

/* Begin PBXTargetDependency section */
		F0F65F4E17A98C34008F87E3 /* PBXTargetDependency */ = {
			isa = PBXTargetDependency;
			target = F0FC22621758F967005F804C /* ZFOpenWeatherMap */;
			targetProxy = F0F65F4D17A98C34008F87E3 /* PBXContainerItemProxy */;
		};
/* End PBXTargetDependency section */

/* Begin PBXVariantGroup section */
		F048EEE017590171005A1E0E /* InfoPlist.strings */ = {
			isa = PBXVariantGroup;
			children = (
				F048EEE117590171005A1E0E /* en */,
			);
			name = InfoPlist.strings;
			sourceTree = "<group>";
		};
		F0F65F4717A98C34008F87E3 /* InfoPlist.strings */ = {
			isa = PBXVariantGroup;
			children = (
				F0F65F4817A98C34008F87E3 /* en */,
			);
			name = InfoPlist.strings;
			sourceTree = "<group>";
		};
/* End PBXVariantGroup section */

/* Begin XCBuildConfiguration section */
		F0F65F4F17A98C34008F87E3 /* Debug */ = {
			isa = XCBuildConfiguration;
			buildSettings = {
				BUNDLE_LOADER = "$(BUILT_PRODUCTS_DIR)/ZFOpenWeatherMap.app/ZFOpenWeatherMap";
				CLANG_WARN_BOOL_CONVERSION = YES;
				CLANG_WARN_DIRECT_OBJC_ISA_USAGE = YES_ERROR;
				CLANG_WARN_OBJC_ROOT_CLASS = YES_ERROR;
				FRAMEWORK_SEARCH_PATHS = (
					"$(SDKROOT)/Developer/Library/Frameworks",
					"$(inherited)",
					"$(DEVELOPER_FRAMEWORKS_DIR)",
				);
				GCC_PRECOMPILE_PREFIX_HEADER = YES;
				GCC_PREFIX_HEADER = "ZFOpenWeatherMapTests/ZFOpenWeatherMapTests-Prefix.pch";
				GCC_PREPROCESSOR_DEFINITIONS = (
					"DEBUG=1",
					"$(inherited)",
				);
				GCC_WARN_ABOUT_RETURN_TYPE = YES_ERROR;
				GCC_WARN_UNDECLARED_SELECTOR = YES;
				GCC_WARN_UNUSED_FUNCTION = YES;
				INFOPLIST_FILE = "ZFOpenWeatherMapTests/ZFOpenWeatherMapTests-Info.plist";
				IPHONEOS_DEPLOYMENT_TARGET = 7.0;
				PRODUCT_NAME = "$(TARGET_NAME)";
				TEST_HOST = "$(BUNDLE_LOADER)";
				WRAPPER_EXTENSION = xctest;
			};
			name = Debug;
		};
		F0F65F5017A98C34008F87E3 /* Release */ = {
			isa = XCBuildConfiguration;
			buildSettings = {
				BUNDLE_LOADER = "$(BUILT_PRODUCTS_DIR)/ZFOpenWeatherMap.app/ZFOpenWeatherMap";
				CLANG_WARN_BOOL_CONVERSION = YES;
				CLANG_WARN_DIRECT_OBJC_ISA_USAGE = YES_ERROR;
				CLANG_WARN_OBJC_ROOT_CLASS = YES_ERROR;
				ENABLE_NS_ASSERTIONS = NO;
				FRAMEWORK_SEARCH_PATHS = (
					"$(SDKROOT)/Developer/Library/Frameworks",
					"$(inherited)",
					"$(DEVELOPER_FRAMEWORKS_DIR)",
				);
				GCC_PRECOMPILE_PREFIX_HEADER = YES;
				GCC_PREFIX_HEADER = "ZFOpenWeatherMapTests/ZFOpenWeatherMapTests-Prefix.pch";
				GCC_WARN_ABOUT_RETURN_TYPE = YES_ERROR;
				GCC_WARN_UNDECLARED_SELECTOR = YES;
				GCC_WARN_UNUSED_FUNCTION = YES;
				INFOPLIST_FILE = "ZFOpenWeatherMapTests/ZFOpenWeatherMapTests-Info.plist";
				IPHONEOS_DEPLOYMENT_TARGET = 7.0;
				PRODUCT_NAME = "$(TARGET_NAME)";
				TEST_HOST = "$(BUNDLE_LOADER)";
				WRAPPER_EXTENSION = xctest;
			};
			name = Release;
		};
		F0FC227E1758F967005F804C /* Debug */ = {
			isa = XCBuildConfiguration;
			buildSettings = {
				ALWAYS_SEARCH_USER_PATHS = NO;
				CLANG_CXX_LANGUAGE_STANDARD = "gnu++0x";
				CLANG_CXX_LIBRARY = "libc++";
				CLANG_ENABLE_MODULES = YES;
				CLANG_ENABLE_OBJC_ARC = YES;
				CLANG_WARN_CONSTANT_CONVERSION = YES;
				CLANG_WARN_EMPTY_BODY = YES;
				CLANG_WARN_ENUM_CONVERSION = YES;
				CLANG_WARN_INT_CONVERSION = YES;
				CLANG_WARN__DUPLICATE_METHOD_MATCH = YES;
				"CODE_SIGN_IDENTITY[sdk=iphoneos*]" = "iPhone Developer";
				COPY_PHASE_STRIP = NO;
				GCC_C_LANGUAGE_STANDARD = gnu99;
				GCC_DYNAMIC_NO_PIC = NO;
				GCC_OPTIMIZATION_LEVEL = 0;
				GCC_PREPROCESSOR_DEFINITIONS = (
					"DEBUG=1",
					"$(inherited)",
				);
				GCC_SYMBOLS_PRIVATE_EXTERN = NO;
				GCC_WARN_ABOUT_RETURN_TYPE = YES;
				GCC_WARN_UNINITIALIZED_AUTOS = YES;
				GCC_WARN_UNUSED_VARIABLE = YES;
				IPHONEOS_DEPLOYMENT_TARGET = 6.1;
				ONLY_ACTIVE_ARCH = YES;
				SDKROOT = iphoneos;
			};
			name = Debug;
		};
		F0FC227F1758F967005F804C /* Release */ = {
			isa = XCBuildConfiguration;
			buildSettings = {
				ALWAYS_SEARCH_USER_PATHS = NO;
				CLANG_CXX_LANGUAGE_STANDARD = "gnu++0x";
				CLANG_CXX_LIBRARY = "libc++";
				CLANG_ENABLE_MODULES = YES;
				CLANG_ENABLE_OBJC_ARC = YES;
				CLANG_WARN_CONSTANT_CONVERSION = YES;
				CLANG_WARN_EMPTY_BODY = YES;
				CLANG_WARN_ENUM_CONVERSION = YES;
				CLANG_WARN_INT_CONVERSION = YES;
				CLANG_WARN__DUPLICATE_METHOD_MATCH = YES;
				"CODE_SIGN_IDENTITY[sdk=iphoneos*]" = "iPhone Developer";
				COPY_PHASE_STRIP = YES;
				GCC_C_LANGUAGE_STANDARD = gnu99;
				GCC_WARN_ABOUT_RETURN_TYPE = YES;
				GCC_WARN_UNINITIALIZED_AUTOS = YES;
				GCC_WARN_UNUSED_VARIABLE = YES;
				IPHONEOS_DEPLOYMENT_TARGET = 6.1;
				OTHER_CFLAGS = "-DNS_BLOCK_ASSERTIONS=1";
				SDKROOT = iphoneos;
				VALIDATE_PRODUCT = YES;
			};
			name = Release;
		};
		F0FC22811758F967005F804C /* Debug */ = {
			isa = XCBuildConfiguration;
			buildSettings = {
				CLANG_ENABLE_MODULES = YES;
				FRAMEWORK_SEARCH_PATHS = (
					"$(inherited)",
					"$(DEVELOPER_FRAMEWORKS_DIR)",
				);
				GCC_PRECOMPILE_PREFIX_HEADER = YES;
				GCC_PREFIX_HEADER = "Resources/ZFOpenWeatherMap-Prefix.pch";
				INFOPLIST_FILE = "Resources/ZFOpenWeatherMap-Info.plist";
				PRODUCT_NAME = "$(TARGET_NAME)";
				WRAPPER_EXTENSION = app;
			};
			name = Debug;
		};
		F0FC22821758F967005F804C /* Release */ = {
			isa = XCBuildConfiguration;
			buildSettings = {
				CLANG_ENABLE_MODULES = YES;
				FRAMEWORK_SEARCH_PATHS = (
					"$(inherited)",
					"$(DEVELOPER_FRAMEWORKS_DIR)",
				);
				GCC_PRECOMPILE_PREFIX_HEADER = YES;
				GCC_PREFIX_HEADER = "Resources/ZFOpenWeatherMap-Prefix.pch";
				INFOPLIST_FILE = "Resources/ZFOpenWeatherMap-Info.plist";
				PRODUCT_NAME = "$(TARGET_NAME)";
				WRAPPER_EXTENSION = app;
			};
			name = Release;
		};
/* End XCBuildConfiguration section */

/* Begin XCConfigurationList section */
		F0F65F5117A98C34008F87E3 /* Build configuration list for PBXNativeTarget "ZFOpenWeatherMapTests" */ = {
			isa = XCConfigurationList;
			buildConfigurations = (
				F0F65F4F17A98C34008F87E3 /* Debug */,
				F0F65F5017A98C34008F87E3 /* Release */,
			);
			defaultConfigurationIsVisible = 0;
		};
		F0FC225E1758F967005F804C /* Build configuration list for PBXProject "ZFOpenWeatherMap" */ = {
			isa = XCConfigurationList;
			buildConfigurations = (
				F0FC227E1758F967005F804C /* Debug */,
				F0FC227F1758F967005F804C /* Release */,
			);
			defaultConfigurationIsVisible = 0;
			defaultConfigurationName = Release;
		};
		F0FC22801758F967005F804C /* Build configuration list for PBXNativeTarget "ZFOpenWeatherMap" */ = {
			isa = XCConfigurationList;
			buildConfigurations = (
				F0FC22811758F967005F804C /* Debug */,
				F0FC22821758F967005F804C /* Release */,
			);
			defaultConfigurationIsVisible = 0;
			defaultConfigurationName = Release;
		};
/* End XCConfigurationList section */
	};
	rootObject = F0FC225B1758F967005F804C /* Project object */;
}
